github.com/kirigaikabuto/lesson27 v0.0.0-20210604121617-11dcd6b5a177 h1:kX3lTdEvuGSrIgLGt1ZsKjl5Ntt4IKXdgizsHPHlG2Q=
github.com/kirigaikabuto/lesson27 v0.0.0-20210604121617-11dcd6b5a177/go.mod h1:x7bXKeVtFUzXjJ5DjWceZCN76KSIAjCDwhFHo5h5z7o=
github.com/kirigaikabuto/lesson27 v0.0.0-20210604122045-64ffc7848468 h1:WNpgsVwHF0F9UU29YPW4eQRb9LpD+jue5SME2S6ZdLQ=
github.com/kirigaikabuto/lesson27 v0.0.0-20210604122045-64ffc7848468/go.mod h1:x7bXKeVtFUzXjJ5DjWceZCN76KSIAjCDwhFHo5h5z7o=
